
Microsoft Visual Studio Solution File, Format Version 12.00
# Visual Studio Version 17
VisualStudioVersion = 17.7.34031.279
MinimumVisualStudioVersion = 10.0.40219.1
Project("{8BC9CEB8-8B4A-11D0-8D11-00A0C91BC942}") = "Workshop 4", "Workshop 4.vcxproj", "{394230AC-2053-45B5-BC52-6B9813BACBE4}"
EndProject
Global
	GlobalSection(SolutionConfigurationPlatforms) = preSolution
		Debug|x64 = Debug|x64
		Debug|x86 = Debug|x86
		Release|x64 = Release|x64
		Release|x86 = Release|x86
	EndGlobalSection
	GlobalSection(ProjectConfigurationPlatforms) = postSolution
		{394230AC-2053-45B5-BC52-6B9813BACBE4}.Debug|x64.ActiveCfg = Debug|x64
		{394230AC-2053-45B5-BC52-6B9813BACBE4}.Debug|x64.Build.0 = Debug|x64
		{394230AC-2053-45B5-BC52-6B9813BACBE4}.Debug|x86.ActiveCfg = Debug|Win32
		{394230AC-2053-45B5-BC52-6B9813BACBE4}.Debug|x86.Build.0 = Debug|Win32
		{394230AC-2053-45B5-BC52-6B9813BACBE4}.Release|x64.ActiveCfg = Release|x64
		{394230AC-2053-45B5-BC52-6B9813BACBE4}.Release|x64.Build.0 = Release|x64
		{394230AC-2053-45B5-BC52-6B9813BACBE4}.Release|x86.ActiveCfg = Release|Win32
		{394230AC-2053-45B5-BC52-6B9813BACBE4}.Release|x86.Build.0 = Release|Win32
	EndGlobalSection
	GlobalSection(SolutionProperties) = preSolution
		HideSolutionNode = FALSE
	EndGlobalSection
	GlobalSection(ExtensibilityGlobals) = postSolution
		SolutionGuid = {58CEFA85-30C8-4FCF-8891-62AF12E47986}
	EndGlobalSection
EndGlobal
